{
  "name": "tagtwo-mini",
  "version": "0.1.0",
  "lockfileVersion": 3,
  "requires": true,
  "packages": {
    "": {
      "name": "tagtwo-mini",
      "version": "0.1.0",
      "workspaces": [
        "packages/*"
      ],
      "devDependencies": {
        "left-pad": "^1.3.0"
      }
    },
    "packages/allowed-lib": {
      "name": "@tagtwo/allowed-lib",
      "version": "1.0.0",
      "license": "MIT"
    },
    "packages/blocked-lib": {
      "name": "@tagtwo/blocked-lib",
      "version": "1.0.0",
      "license": "SSPL-1.0"
    },
    "packages/custom-license": {
      "name": "@tagtwo/custom-license",
      "version": "1.0.0",
      "license": "Company-Internal-License"
    },
    "packages/invalid-license": {
      "name": "@tagtwo/invalid-license",
      "version": "1.0.0",
      "license": "Apache-2.0 OR"
    },
    "packages/missing-license": {
      "name": "@tagtwo/missing-license",
      "version": "1.0.0"
    },
    "packages/multi-license": {
      "name": "@tagtwo/multi-license",
      "version": "1.0.0",
      "license": "MIT OR Apache-2.0"
    },
    "packages/review-lib": {
      "name": "@tagtwo/review-lib",
      "version": "1.0.0",
      "license": "MPL-2.0"
    },
    "packages/see-license-missing": {
      "name": "@tagtwo/see-license-missing",
      "version": "1.0.0",
      "license": "SEE LICENSE IN LICENSE.md"
    },
    "packages/see-license-ok": {
      "name": "@tagtwo/see-license-ok",
      "version": "1.0.0",
      "license": "SEE LICENSE IN LICENSE.txt"
    },
    "packages/with-exception": {
      "name": "@tagtwo/with-exception",
      "version": "1.0.0",
      "license": "LGPL-2.1-only WITH LLVM-exception"
    },
    "node_modules/left-pad": {
      "version": "1.3.0",
      "license": "WTFPL"
    }
  }
}
